<Solution>
  <Project Path="Database NorthWind/Database NorthWind.sqlproj" Id="b509d513-f60e-4539-be4a-aa34ed4372be">
    <Build />
    <Deploy />
  </Project>
  <Project Path="NorthWindDW/NorthWindDW.sqlproj" Id="a1171368-e395-4b4f-93e7-2ddffa184403">
    <Build />
    <Deploy />
  </Project>
</Solution>
